// !$*UTF8*$!
{
	archiveVersion = 1;
	classes = {
	};
	objectVersion = 46;
	objects = {

/* Begin PBXBuildFile section */
		7E4880871D92695900DB9514 /* main.m in Sources */ = {isa = PBXBuildFile; fileRef = 7E4880861D92695900DB9514 /* main.m */; };
		7E48808A1D92695900DB9514 /* AppDelegate.m in Sources */ = {isa = PBXBuildFile; fileRef = 7E4880891D92695900DB9514 /* AppDelegate.m */; };
		7E48808D1D92695900DB9514 /* ViewController.m in Sources */ = {isa = PBXBuildFile; fileRef = 7E48808C1D92695900DB9514 /* ViewController.m */; };
		7E4880901D92695900DB9514 /* Main.storyboard in Resources */ = {isa = PBXBuildFile; fileRef = 7E48808E1D92695900DB9514 /* Main.storyboard */; };
		7E4880931D92695900DB9514 /* ARFacialRecognization.xcdatamodeld in Sources */ = {isa = PBXBuildFile; fileRef = 7E4880911D92695900DB9514 /* ARFacialRecognization.xcdatamodeld */; };
		7E4880951D92695A00DB9514 /* Assets.xcassets in Resources */ = {isa = PBXBuildFile; fileRef = 7E4880941D92695A00DB9514 /* Assets.xcassets */; };
		7E4880981D92695A00DB9514 /* LaunchScreen.storyboard in Resources */ = {isa = PBXBuildFile; fileRef = 7E4880961D92695A00DB9514 /* LaunchScreen.storyboard */; };
		7E4880A31D92695A00DB9514 /* ARFacialRecognizationTests.m in Sources */ = {isa = PBXBuildFile; fileRef = 7E4880A21D92695A00DB9514 /* ARFacialRecognizationTests.m */; };
		7E4880AE1D92695A00DB9514 /* ARFacialRecognizationUITests.m in Sources */ = {isa = PBXBuildFile; fileRef = 7E4880AD1D92695A00DB9514 /* ARFacialRecognizationUITests.m */; };
/* End PBXBuildFile section */

/* Begin PBXContainerItemProxy section */
		7E48809F1D92695A00DB9514 /* PBXContainerItemProxy */ = {
			isa = PBXContainerItemProxy;
			containerPortal = 7E48807A1D92695900DB9514 /* Project object */;
			proxyType = 1;
			remoteGlobalIDString = 7E4880811D92695900DB9514;
			remoteInfo = ARFacialRecognization;
		};
		7E4880AA1D92695A00DB9514 /* PBXContainerItemProxy */ = {
			isa = PBXContainerItemProxy;
			containerPortal = 7E48807A1D92695900DB9514 /* Project object */;
			proxyType = 1;
			remoteGlobalIDString = 7E4880811D92695900DB9514;
			remoteInfo = ARFacialRecognization;
		};
/* End PBXContainerItemProxy section */

/* Begin PBXFileReference section */
		7E4880821D92695900DB9514 /* ARFacialRecognization.app */ = {isa = PBXFileReference; explicitFileType = wrapper.application; includeInIndex = 0; path = ARFacialRecognization.app; sourceTree = BUILT_PRODUCTS_DIR; };
		7E4880861D92695900DB9514 /* main.m */ = {isa = PBXFileReference; lastKnownFileType = sourcecode.c.objc; path = main.m; sourceTree = "<group>"; };
		7E4880881D92695900DB9514 /* AppDelegate.h */ = {isa = PBXFileReference; lastKnownFileType = sourcecode.c.h; path = AppDelegate.h; sourceTree = "<group>"; };
		7E4880891D92695900DB9514 /* AppDelegate.m */ = {isa = PBXFileReference; lastKnownFileType = sourcecode.c.objc; path = AppDelegate.m; sourceTree = "<group>"; };
		7E48808B1D92695900DB9514 /* ViewController.h */ = {isa = PBXFileReference; lastKnownFileType = sourcecode.c.h; path = ViewController.h; sourceTree = "<group>"; };
		7E48808C1D92695900DB9514 /* ViewController.m */ = {isa = PBXFileReference; lastKnownFileType = sourcecode.c.objc; path = ViewController.m; sourceTree = "<group>"; };
		7E48808F1D92695900DB9514 /* Base */ = {isa = PBXFileReference; lastKnownFileType = file.storyboard; name = Base; path = Base.lproj/Main.storyboard; sourceTree = "<group>"; };
		7E4880921D92695900DB9514 /* ARFacialRecognization.xcdatamodel */ = {isa = PBXFileReference; lastKnownFileType = wrapper.xcdatamodel; path = ARFacialRecognization.xcdatamodel; sourceTree = "<group>"; };
		7E4880941D92695A00DB9514 /* Assets.xcassets */ = {isa = PBXFileReference; lastKnownFileType = folder.assetcatalog; path = Assets.xcassets; sourceTree = "<group>"; };
		7E4880971D92695A00DB9514 /* Base */ = {isa = PBXFileReference; lastKnownFileType = file.storyboard; name = Base; path = Base.lproj/LaunchScreen.storyboard; sourceTree = "<group>"; };
		7E4880991D92695A00DB9514 /* Info.plist */ = {isa = PBXFileReference; lastKnownFileType = text.plist.xml; path = Info.plist; sourceTree = "<group>"; };
		7E48809E1D92695A00DB9514 /* ARFacialRecognizationTests.xctest */ = {isa = PBXFileReference; explicitFileType = wrapper.cfbundle; includeInIndex = 0; path = ARFacialRecognizationTests.xctest; sourceTree = BUILT_PRODUCTS_DIR; };
		7E4880A21D92695A00DB9514 /* ARFacialRecognizationTests.m */ = {isa = PBXFileReference; lastKnownFileType = sourcecode.c.objc; path = ARFacialRecognizationTests.m; sourceTree = "<group>"; };
		7E4880A41D92695A00DB9514 /* Info.plist */ = {isa = PBXFileReference; lastKnownFileType = text.plist.xml; path = Info.plist; sourceTree = "<group>"; };
		7E4880A91D92695A00DB9514 /* ARFacialRecognizationUITests.xctest */ = {isa = PBXFileReference; explicitFileType = wrapper.cfbundle; includeInIndex = 0; path = ARFacialRecognizationUITests.xctest; sourceTree = BUILT_PRODUCTS_DIR; };
		7E4880AD1D92695A00DB9514 /* ARFacialRecognizationUITests.m */ = {isa = PBXFileReference; lastKnownFileType = sourcecode.c.objc; path = ARFacialRecognizationUITests.m; sourceTree = "<group>"; };
		7E4880AF1D92695A00DB9514 /* Info.plist */ = {isa = PBXFileReference; lastKnownFileType = text.plist.xml; path = Info.plist; sourceTree = "<group>"; };
/* End PBXFileReference section */

/* Begin PBXFrameworksBuildPhase section */
		7E48807F1D92695900DB9514 /* Frameworks */ = {
			isa = PBXFrameworksBuildPhase;
			buildActionMask = 2147483647;
			files = (
			);
			runOnlyForDeploymentPostprocessing = 0;
		};
		7E48809B1D92695A00DB9514 /* Frameworks */ = {
			isa = PBXFrameworksBuildPhase;
			buildActionMask = 2147483647;
			files = (
			);
			runOnlyForDeploymentPostprocessing = 0;
		};
		7E4880A61D92695A00DB9514 /* Frameworks */ = {
			isa = PBXFrameworksBuildPhase;
			buildActionMask = 2147483647;
			files = (
			);
			runOnlyForDeploymentPostprocessing = 0;
		};
/* End PBXFrameworksBuildPhase section */

/* Begin PBXGroup section */
		7E4880791D92695900DB9514 = {
			isa = PBXGroup;
			children = (
				7E4880841D92695900DB9514 /* ARFacialRecognization */,
				7E4880A11D92695A00DB9514 /* ARFacialRecognizationTests */,
				7E4880AC1D92695A00DB9514 /* ARFacialRecognizationUITests */,
				7E4880831D92695900DB9514 /* Products */,
			);
			sourceTree = "<group>";
		};
		7E4880831D92695900DB9514 /* Products */ = {
			isa = PBXGroup;
			children = (
				7E4880821D92695900DB9514 /* ARFacialRecognization.app */,
				7E48809E1D92695A00DB9514 /* ARFacialRecognizationTests.xctest */,
				7E4880A91D92695A00DB9514 /* ARFacialRecognizationUITests.xctest */,
			);
			name = Products;
			sourceTree = "<group>";
		};
		7E4880841D92695900DB9514 /* ARFacialRecognization */ = {
			isa = PBXGroup;
			children = (
				7E4880881D92695900DB9514 /* AppDelegate.h */,
				7E4880891D92695900DB9514 /* AppDelegate.m */,
				7E48808B1D92695900DB9514 /* ViewController.h */,
				7E48808C1D92695900DB9514 /* ViewController.m */,
				7E48808E1D92695900DB9514 /* Main.storyboard */,
				7E4880941D92695A00DB9514 /* Assets.xcassets */,
				7E4880961D92695A00DB9514 /* LaunchScreen.storyboard */,
				7E4880991D92695A00DB9514 /* Info.plist */,
				7E4880911D92695900DB9514 /* ARFacialRecognization.xcdatamodeld */,
				7E4880851D92695900DB9514 /* Supporting Files */,
			);
			path = ARFacialRecognization;
			sourceTree = "<group>";
		};
		7E4880851D92695900DB9514 /* Supporting Files */ = {
			isa = PBXGroup;
			children = (
				7E4880861D92695900DB9514 /* main.m */,
			);
			name = "Supporting Files";
			sourceTree = "<group>";
		};
		7E4880A11D92695A00DB9514 /* ARFacialRecognizationTests */ = {
			isa = PBXGroup;
			children = (
				7E4880A21D92695A00DB9514 /* ARFacialRecognizationTests.m */,
				7E4880A41D92695A00DB9514 /* Info.plist */,
			);
			path = ARFacialRecognizationTests;
			sourceTree = "<group>";
		};
		7E4880AC1D92695A00DB9514 /* ARFacialRecognizationUITests */ = {
			isa = PBXGroup;
			children = (
				7E4880AD1D92695A00DB9514 /* ARFacialRecognizationUITests.m */,
				7E4880AF1D92695A00DB9514 /* Info.plist */,
			);
			path = ARFacialRecognizationUITests;
			sourceTree = "<group>";
		};
/* End PBXGroup section */

/* Begin PBXNativeTarget section */
		7E4880811D92695900DB9514 /* ARFacialRecognization */ = {
			isa = PBXNativeTarget;
			buildConfigurationList = 7E4880B21D92695A00DB9514 /* Build configuration list for PBXNativeTarget "ARFacialRecognization" */;
			buildPhases = (
				7E48807E1D92695900DB9514 /* Sources */,
				7E48807F1D92695900DB9514 /* Frameworks */,
				7E4880801D92695900DB9514 /* Resources */,
			);
			buildRules = (
			);
			dependencies = (
			);
			name = ARFacialRecognization;
			productName = ARFacialRecognization;
			productReference = 7E4880821D92695900DB9514 /* ARFacialRecognization.app */;
			productType = "com.apple.product-type.application";
		};
		7E48809D1D92695A00DB9514 /* ARFacialRecognizationTests */ = {
			isa = PBXNativeTarget;
			buildConfigurationList = 7E4880B51D92695A00DB9514 /* Build configuration list for PBXNativeTarget "ARFacialRecognizationTests" */;
			buildPhases = (
				7E48809A1D92695A00DB9514 /* Sources */,
				7E48809B1D92695A00DB9514 /* Frameworks */,
				7E48809C1D92695A00DB9514 /* Resources */,
			);
			buildRules = (
			);
			dependencies = (
				7E4880A01D92695A00DB9514 /* PBXTargetDependency */,
			);
			name = ARFacialRecognizationTests;
			productName = ARFacialRecognizationTests;
			productReference = 7E48809E1D92695A00DB9514 /* ARFacialRecognizationTests.xctest */;
			productType = "com.apple.product-type.bundle.unit-test";
		};
		7E4880A81D92695A00DB9514 /* ARFacialRecognizationUITests */ = {
			isa = PBXNativeTarget;
			buildConfigurationList = 7E4880B81D92695A00DB9514 /* Build configuration list for PBXNativeTarget "ARFacialRecognizationUITests" */;
			buildPhases = (
				7E4880A51D92695A00DB9514 /* Sources */,
				7E4880A61D92695A00DB9514 /* Frameworks */,
				7E4880A71D92695A00DB9514 /* Resources */,
			);
			buildRules = (
			);
			dependencies = (
				7E4880AB1D92695A00DB9514 /* PBXTargetDependency */,
			);
			name = ARFacialRecognizationUITests;
			productName = ARFacialRecognizationUITests;
			productReference = 7E4880A91D92695A00DB9514 /* ARFacialRecognizationUITests.xctest */;
			productType = "com.apple.product-type.bundle.ui-testing";
		};
/* End PBXNativeTarget section */

/* Begin PBXProject section */
		7E48807A1D92695900DB9514 /* Project object */ = {
			isa = PBXProject;
			attributes = {
				LastUpgradeCheck = 0730;
				ORGANIZATIONNAME = synerzip;
				TargetAttributes = {
					7E4880811D92695900DB9514 = {
						CreatedOnToolsVersion = 7.3.1;
					};
					7E48809D1D92695A00DB9514 = {
						CreatedOnToolsVersion = 7.3.1;
						TestTargetID = 7E4880811D92695900DB9514;
					};
					7E4880A81D92695A00DB9514 = {
						CreatedOnToolsVersion = 7.3.1;
						TestTargetID = 7E4880811D92695900DB9514;
					};
				};
			};
			buildConfigurationList = 7E48807D1D92695900DB9514 /* Build configuration list for PBXProject "ARFacialRecognization" */;
			compatibilityVersion = "Xcode 3.2";
			developmentRegion = English;
			hasScannedForEncodings = 0;
			knownRegions = (
				en,
				Base,
			);
			mainGroup = 7E4880791D92695900DB9514;
			productRefGroup = 7E4880831D92695900DB9514 /* Products */;
			projectDirPath = "";
			projectRoot = "";
			targets = (
				7E4880811D92695900DB9514 /* ARFacialRecognization */,
				7E48809D1D92695A00DB9514 /* ARFacialRecognizationTests */,
				7E4880A81D92695A00DB9514 /* ARFacialRecognizationUITests */,
			);
		};
/* End PBXProject section */

/* Begin PBXResourcesBuildPhase section */
		7E4880801D92695900DB9514 /* Resources */ = {
			isa = PBXResourcesBuildPhase;
			buildActionMask = 2147483647;
			files = (
				7E4880981D92695A00DB9514 /* LaunchScreen.storyboard in Resources */,
				7E4880951D92695A00DB9514 /* Assets.xcassets in Resources */,
				7E4880901D92695900DB9514 /* Main.storyboard in Resources */,
			);
			runOnlyForDeploymentPostprocessing = 0;
		};
		7E48809C1D92695A00DB9514 /* Resources */ = {
			isa = PBXResourcesBuildPhase;
			buildActionMask = 2147483647;
			files = (
			);
			runOnlyForDeploymentPostprocessing = 0;
		};
		7E4880A71D92695A00DB9514 /* Resources */ = {
			isa = PBXResourcesBuildPhase;
			buildActionMask = 2147483647;
			files = (
			);
			runOnlyForDeploymentPostprocessing = 0;
		};
/* End PBXResourcesBuildPhase section */

/* Begin PBXSourcesBuildPhase section */
		7E48807E1D92695900DB9514 /* Sources */ = {
			isa = PBXSourcesBuildPhase;
			buildActionMask = 2147483647;
			files = (
				7E48808D1D92695900DB9514 /* ViewController.m in Sources */,
				7E4880931D92695900DB9514 /* ARFacialRecognization.xcdatamodeld in Sources */,
				7E48808A1D92695900DB9514 /* AppDelegate.m in Sources */,
				7E4880871D92695900DB9514 /* main.m in Sources */,
			);
			runOnlyForDeploymentPostprocessing = 0;
		};
		7E48809A1D92695A00DB9514 /* Sources */ = {
			isa = PBXSourcesBuildPhase;
			buildActionMask = 2147483647;
			files = (
				7E4880A31D92695A00DB9514 /* ARFacialRecognizationTests.m in Sources */,
			);
			runOnlyForDeploymentPostprocessing = 0;
		};
		7E4880A51D92695A00DB9514 /* Sources */ = {
			isa = PBXSourcesBuildPhase;
			buildActionMask = 2147483647;
			files = (
				7E4880AE1D92695A00DB9514 /* ARFacialRecognizationUITests.m in Sources */,
			);
			runOnlyForDeploymentPostprocessing = 0;
		};
/* End PBXSourcesBuildPhase section */

/* Begin PBXTargetDependency section */
		7E4880A01D92695A00DB9514 /* PBXTargetDependency */ = {
			isa = PBXTargetDependency;
			target = 7E4880811D92695900DB9514 /* ARFacialRecognization */;
			targetProxy = 7E48809F1D92695A00DB9514 /* PBXContainerItemProxy */;
		};
		7E4880AB1D92695A00DB9514 /* PBXTargetDependency */ = {
			isa = PBXTargetDependency;
			target = 7E4880811D92695900DB9514 /* ARFacialRecognization */;
			targetProxy = 7E4880AA1D92695A00DB9514 /* PBXContainerItemProxy */;
		};
/* End PBXTargetDependency section */

/* Begin PBXVariantGroup section */
		7E48808E1D92695900DB9514 /* Main.storyboard */ = {
			isa = PBXVariantGroup;
			children = (
				7E48808F1D92695900DB9514 /* Base */,
			);
			name = Main.storyboard;
			sourceTree = "<group>";
		};
		7E4880961D92695A00DB9514 /* LaunchScreen.storyboard */ = {
			isa = PBXVariantGroup;
			children = (
				7E4880971D92695A00DB9514 /* Base */,
			);
			name = LaunchScreen.storyboard;
			sourceTree = "<group>";
		};
/* End PBXVariantGroup section */

/* Begin XCBuildConfiguration section */
		7E4880B01D92695A00DB9514 /* Debug */ = {
			isa = XCBuildConfiguration;
			buildSettings = {
				ALWAYS_SEARCH_USER_PATHS = NO;
				CLANG_ANALYZER_NONNULL = YES;
				CLANG_CXX_LANGUAGE_STANDARD = "gnu++0x";
				CLANG_CXX_LIBRARY = "libc++";
				CLANG_ENABLE_MODULES = YES;
				CLANG_ENABLE_OBJC_ARC = YES;
				CLANG_WARN_BOOL_CONVERSION = YES;
				CLANG_WARN_CONSTANT_CONVERSION = YES;
				CLANG_WARN_DIRECT_OBJC_ISA_USAGE = YES_ERROR;
				CLANG_WARN_EMPTY_BODY = YES;
				CLANG_WARN_ENUM_CONVERSION = YES;
				CLANG_WARN_INT_CONVERSION = YES;
				CLANG_WARN_OBJC_ROOT_CLASS = YES_ERROR;
				CLANG_WARN_UNREACHABLE_CODE = YES;
				CLANG_WARN__DUPLICATE_METHOD_MATCH = YES;
				"CODE_SIGN_IDENTITY[sdk=iphoneos*]" = "iPhone Developer";
				COPY_PHASE_STRIP = NO;
				DEBUG_INFORMATION_FORMAT = dwarf;
				ENABLE_STRICT_OBJC_MSGSEND = YES;
				ENABLE_TESTABILITY = YES;
				GCC_C_LANGUAGE_STANDARD = gnu99;
				GCC_DYNAMIC_NO_PIC = NO;
				GCC_NO_COMMON_BLOCKS = YES;
				GCC_OPTIMIZATION_LEVEL = 0;
				GCC_PREPROCESSOR_DEFINITIONS = (
					"DEBUG=1",
					"$(inherited)",
				);
				GCC_WARN_64_TO_32_BIT_CONVERSION = YES;
				GCC_WARN_ABOUT_RETURN_TYPE = YES_ERROR;
				GCC_WARN_UNDECLARED_SELECTOR = YES;
				GCC_WARN_UNINITIALIZED_AUTOS = YES_AGGRESSIVE;
				GCC_WARN_UNUSED_FUNCTION = YES;
				GCC_WARN_UNUSED_VARIABLE = YES;
				IPHONEOS_DEPLOYMENT_TARGET = 9.3;
				MTL_ENABLE_DEBUG_INFO = YES;
				ONLY_ACTIVE_ARCH = YES;
				SDKROOT = iphoneos;
				TARGETED_DEVICE_FAMILY = "1,2";
			};
			name = Debug;
		};
		7E4880B11D92695A00DB9514 /* Release */ = {
			isa = XCBuildConfiguration;
			buildSettings = {
				ALWAYS_SEARCH_USER_PATHS = NO;
				CLANG_ANALYZER_NONNULL = YES;
				CLANG_CXX_LANGUAGE_STANDARD = "gnu++0x";
				CLANG_CXX_LIBRARY = "libc++";
				CLANG_ENABLE_MODULES = YES;
				CLANG_ENABLE_OBJC_ARC = YES;
				CLANG_WARN_BOOL_CONVERSION = YES;
				CLANG_WARN_CONSTANT_CONVERSION = YES;
				CLANG_WARN_DIRECT_OBJC_ISA_USAGE = YES_ERROR;
				CLANG_WARN_EMPTY_BODY = YES;
				CLANG_WARN_ENUM_CONVERSION = YES;
				CLANG_WARN_INT_CONVERSION = YES;
				CLANG_WARN_OBJC_ROOT_CLASS = YES_ERROR;
				CLANG_WARN_UNREACHABLE_CODE = YES;
				CLANG_WARN__DUPLICATE_METHOD_MATCH = YES;
				"CODE_SIGN_IDENTITY[sdk=iphoneos*]" = "iPhone Developer";
				COPY_PHASE_STRIP = NO;
				DEBUG_INFORMATION_FORMAT = "dwarf-with-dsym";
				ENABLE_NS_ASSERTIONS = NO;
				ENABLE_STRICT_OBJC_MSGSEND = YES;
				GCC_C_LANGUAGE_STANDARD = gnu99;
				GCC_NO_COMMON_BLOCKS = YES;
				GCC_WARN_64_TO_32_BIT_CONVERSION = YES;
				GCC_WARN_ABOUT_RETURN_TYPE = YES_ERROR;
				GCC_WARN_UNDECLARED_SELECTOR = YES;
				GCC_WARN_UNINITIALIZED_AUTOS = YES_AGGRESSIVE;
				GCC_WARN_UNUSED_FUNCTION = YES;
				GCC_WARN_UNUSED_VARIABLE = YES;
				IPHONEOS_DEPLOYMENT_TARGET = 9.3;
				MTL_ENABLE_DEBUG_INFO = NO;
				SDKROOT = iphoneos;
				TARGETED_DEVICE_FAMILY = "1,2";
				VALIDATE_PRODUCT = YES;
			};
			name = Release;
		};
		7E4880B31D92695A00DB9514 /* Debug */ = {
			isa = XCBuildConfiguration;
			buildSettings = {
				ASSETCATALOG_COMPILER_APPICON_NAME = AppIcon;
				INFOPLIST_FILE = ARFacialRecognization/Info.plist;
				LD_RUNPATH_SEARCH_PATHS = "$(inherited) @executable_path/Frameworks";
				PRODUCT_BUNDLE_IDENTIFIER = com.synerzip.ARFacialRecognization;
				PRODUCT_NAME = "$(TARGET_NAME)";
			};
			name = Debug;
		};
		7E4880B41D92695A00DB9514 /* Release */ = {
			isa = XCBuildConfiguration;
			buildSettings = {
				ASSETCATALOG_COMPILER_APPICON_NAME = AppIcon;
				INFOPLIST_FILE = ARFacialRecognization/Info.plist;
				LD_RUNPATH_SEARCH_PATHS = "$(inherited) @executable_path/Frameworks";
				PRODUCT_BUNDLE_IDENTIFIER = com.synerzip.ARFacialRecognization;
				PRODUCT_NAME = "$(TARGET_NAME)";
			};
			name = Release;
		};
		7E4880B61D92695A00DB9514 /* Debug */ = {
			isa = XCBuildConfiguration;
			buildSettings = {
				BUNDLE_LOADER = "$(TEST_HOST)";
				INFOPLIST_FILE = ARFacialRecognizationTests/Info.plist;
				LD_RUNPATH_SEARCH_PATHS = "$(inherited) @executable_path/Frameworks @loader_path/Frameworks";
				PRODUCT_BUNDLE_IDENTIFIER = com.synerzip.ARFacialRecognizationTests;
				PRODUCT_NAME = "$(TARGET_NAME)";
				TEST_HOST = "$(BUILT_PRODUCTS_DIR)/ARFacialRecognization.app/ARFacialRecognization";
			};
			name = Debug;
		};
		7E4880B71D92695A00DB9514 /* Release */ = {
			isa = XCBuildConfiguration;
			buildSettings = {
				BUNDLE_LOADER = "$(TEST_HOST)";
				INFOPLIST_FILE = ARFacialRecognizationTests/Info.plist;
				LD_RUNPATH_SEARCH_PATHS = "$(inherited) @executable_path/Frameworks @loader_path/Frameworks";
				PRODUCT_BUNDLE_IDENTIFIER = com.synerzip.ARFacialRecognizationTests;
				PRODUCT_NAME = "$(TARGET_NAME)";
				TEST_HOST = "$(BUILT_PRODUCTS_DIR)/ARFacialRecognization.app/ARFacialRecognization";
			};
			name = Release;
		};
		7E4880B91D92695A00DB9514 /* Debug */ = {
			isa = XCBuildConfiguration;
			buildSettings = {
				INFOPLIST_FILE = ARFacialRecognizationUITests/Info.plist;
				LD_RUNPATH_SEARCH_PATHS = "$(inherited) @executable_path/Frameworks @loader_path/Frameworks";
				PRODUCT_BUNDLE_IDENTIFIER = com.synerzip.ARFacialRecognizationUITests;
				PRODUCT_NAME = "$(TARGET_NAME)";
				TEST_TARGET_NAME = ARFacialRecognization;
			};
			name = Debug;
		};
		7E4880BA1D92695A00DB9514 /* Release */ = {
			isa = XCBuildConfiguration;
			buildSettings = {
				INFOPLIST_FILE = ARFacialRecognizationUITests/Info.plist;
				LD_RUNPATH_SEARCH_PATHS = "$(inherited) @executable_path/Frameworks @loader_path/Frameworks";
				PRODUCT_BUNDLE_IDENTIFIER = com.synerzip.ARFacialRecognizationUITests;
				PRODUCT_NAME = "$(TARGET_NAME)";
				TEST_TARGET_NAME = ARFacialRecognization;
			};
			name = Release;
		};
/* End XCBuildConfiguration section */

/* Begin XCConfigurationList section */
		7E48807D1D92695900DB9514 /* Build configuration list for PBXProject "ARFacialRecognization" */ = {
			isa = XCConfigurationList;
			buildConfigurations = (
				7E4880B01D92695A00DB9514 /* Debug */,
				7E4880B11D92695A00DB9514 /* Release */,
			);
			defaultConfigurationIsVisible = 0;
			defaultConfigurationName = Release;
		};
		7E4880B21D92695A00DB9514 /* Build configuration list for PBXNativeTarget "ARFacialRecognization" */ = {
			isa = XCConfigurationList;
			buildConfigurations = (
				7E4880B31D92695A00DB9514 /* Debug */,
				7E4880B41D92695A00DB9514 /* Release */,
			);
			defaultConfigurationIsVisible = 0;
		};
		7E4880B51D92695A00DB9514 /* Build configuration list for PBXNativeTarget "ARFacialRecognizationTests" */ = {
			isa = XCConfigurationList;
			buildConfigurations = (
				7E4880B61D92695A00DB9514 /* Debug */,
				7E4880B71D92695A00DB9514 /* Release */,
			);
			defaultConfigurationIsVisible = 0;
		};
		7E4880B81D92695A00DB9514 /* Build configuration list for PBXNativeTarget "ARFacialRecognizationUITests" */ = {
			isa = XCConfigurationList;
			buildConfigurations = (
				7E4880B91D92695A00DB9514 /* Debug */,
				7E4880BA1D92695A00DB9514 /* Release */,
			);
			defaultConfigurationIsVisible = 0;
		};
/* End XCConfigurationList section */

/* Begin XCVersionGroup section */
		7E4880911D92695900DB9514 /* ARFacialRecognization.xcdatamodeld */ = {
			isa = XCVersionGroup;
			children = (
				7E4880921D92695900DB9514 /* ARFacialRecognization.xcdatamodel */,
			);
			currentVersion = 7E4880921D92695900DB9514 /* ARFacialRecognization.xcdatamodel */;
			path = ARFacialRecognization.xcdatamodeld;
			sourceTree = "<group>";
			versionGroupType = wrapper.xcdatamodel;
		};
/* End XCVersionGroup section */
	};
	rootObject = 7E48807A1D92695900DB9514 /* Project object */;
}
